
Microsoft Visual Studio Solution File, Format Version 12.00
Project("{2150E333-8FDC-42A3-9474-1A3956D46DE8}") = "Services", "Services", "{B53CE331-0DA7-4CE5-B561-2376F654BB37}"
EndProject
Project("{2150E333-8FDC-42A3-9474-1A3956D46DE8}") = "Core", "Core", "{964807AD-7E57-435A-AFB7-89657B2B9F54}"
EndProject
Project("{2150E333-8FDC-42A3-9474-1A3956D46DE8}") = "Infrastructure", "Infrastructure", "{222DAE7A-DB50-4B37-8644-904ACFF6DEF9}"
EndProject
Project("{2150E333-8FDC-42A3-9474-1A3956D46DE8}") = "Presentation", "Presentation", "{269F1CC4-11A1-499B-BD53-E1017421FE39}"
EndProject
Project("{2150E333-8FDC-42A3-9474-1A3956D46DE8}") = "Tests", "Tests", "{4092A800-BA7E-4181-A2F0-9CBF0ED533E4}"
EndProject
Project("{2150E333-8FDC-42A3-9474-1A3956D46DE8}") = "Solution Items", "Solution Items", "{35B3FA24-0330-4E18-BA77-EB8CC6717B62}"
	ProjectSection(SolutionItems) = preProject
		docker-compose.yml = docker-compose.yml
	EndProjectSection
EndProject
Project("{2150E333-8FDC-42A3-9474-1A3956D46DE8}") = "ApiGateways", "ApiGateways", "{5C6D7702-C6E2-4652-90A3-A3BC914BFE0D}"
EndProject
Project("{FAE04EC0-301F-11D3-BF4B-00C04F79EFBC}") = "Ocelot.ApiGateway", "ApiGateways\Ocelot.ApiGateway\Ocelot.ApiGateway.csproj", "{A262420E-6A2D-475B-B4ED-D2114E119605}"
EndProject
Project("{FAE04EC0-301F-11D3-BF4B-00C04F79EFBC}") = "Coffee.Application", "Services\Coffees\Core\Coffee.Application\Coffee.Application.csproj", "{656E6870-D94A-4091-8BFC-C6AECFE84AFD}"
EndProject
Project("{2150E333-8FDC-42A3-9474-1A3956D46DE8}") = "Coffees", "Coffees", "{A54985FA-6656-4D87-95CA-E10F921C9F30}"
EndProject
Project("{FAE04EC0-301F-11D3-BF4B-00C04F79EFBC}") = "Coffee.Domain", "Services\Coffees\Core\Coffee.Domain\Coffee.Domain.csproj", "{2EE53123-B118-46E4-A415-A88E78DE8DE1}"
EndProject
Project("{FAE04EC0-301F-11D3-BF4B-00C04F79EFBC}") = "Coffee.Infrastructure", "Services\Coffees\Infrastructure\Coffee.Infrastructure\Coffee.Infrastructure.csproj", "{46A8FE7E-056F-44C0-980A-CE6F774FA283}"
EndProject
Project("{FAE04EC0-301F-11D3-BF4B-00C04F79EFBC}") = "Coffee.WebAPI", "Services\Coffees\Presentation\Coffee.WebAPI\Coffee.WebAPI.csproj", "{FD1B4533-250B-46B6-9B15-DB6D1D49A867}"
EndProject
Project("{FAE04EC0-301F-11D3-BF4B-00C04F79EFBC}") = "Coffee.Tests", "Services\Coffees\Tests\Coffee.Tests\Coffee.Tests.csproj", "{4D40B4A2-4596-4973-B2F5-CB73E7B9ED31}"
EndProject
Project("{2150E333-8FDC-42A3-9474-1A3956D46DE8}") = "Users", "Users", "{2D33B1CB-7990-4783-B6E9-21934BD001CA}"
EndProject
Project("{2150E333-8FDC-42A3-9474-1A3956D46DE8}") = "Core", "Core", "{1D3C9730-00C2-4DBE-AD77-65CBC97C1618}"
EndProject
Project("{2150E333-8FDC-42A3-9474-1A3956D46DE8}") = "Infrastructure", "Infrastructure", "{A20514CC-D223-47E1-A5B4-DCD5A9D6A3A1}"
EndProject
Project("{2150E333-8FDC-42A3-9474-1A3956D46DE8}") = "Presentation", "Presentation", "{32B0F77F-83A8-476B-B15E-7B37F94C7118}"
EndProject
Project("{2150E333-8FDC-42A3-9474-1A3956D46DE8}") = "Tests", "Tests", "{019ABDF4-E4C6-43B6-ADE7-9C921737FDD4}"
EndProject
Global
	GlobalSection(SolutionConfigurationPlatforms) = preSolution
		Debug|Any CPU = Debug|Any CPU
		Release|Any CPU = Release|Any CPU
	EndGlobalSection
	GlobalSection(NestedProjects) = preSolution
		{A262420E-6A2D-475B-B4ED-D2114E119605} = {5C6D7702-C6E2-4652-90A3-A3BC914BFE0D}
		{656E6870-D94A-4091-8BFC-C6AECFE84AFD} = {964807AD-7E57-435A-AFB7-89657B2B9F54}
		{A54985FA-6656-4D87-95CA-E10F921C9F30} = {B53CE331-0DA7-4CE5-B561-2376F654BB37}
		{964807AD-7E57-435A-AFB7-89657B2B9F54} = {A54985FA-6656-4D87-95CA-E10F921C9F30}
		{222DAE7A-DB50-4B37-8644-904ACFF6DEF9} = {A54985FA-6656-4D87-95CA-E10F921C9F30}
		{269F1CC4-11A1-499B-BD53-E1017421FE39} = {A54985FA-6656-4D87-95CA-E10F921C9F30}
		{4092A800-BA7E-4181-A2F0-9CBF0ED533E4} = {A54985FA-6656-4D87-95CA-E10F921C9F30}
		{2EE53123-B118-46E4-A415-A88E78DE8DE1} = {964807AD-7E57-435A-AFB7-89657B2B9F54}
		{46A8FE7E-056F-44C0-980A-CE6F774FA283} = {222DAE7A-DB50-4B37-8644-904ACFF6DEF9}
		{FD1B4533-250B-46B6-9B15-DB6D1D49A867} = {269F1CC4-11A1-499B-BD53-E1017421FE39}
		{4D40B4A2-4596-4973-B2F5-CB73E7B9ED31} = {4092A800-BA7E-4181-A2F0-9CBF0ED533E4}
		{2D33B1CB-7990-4783-B6E9-21934BD001CA} = {B53CE331-0DA7-4CE5-B561-2376F654BB37}
		{1D3C9730-00C2-4DBE-AD77-65CBC97C1618} = {2D33B1CB-7990-4783-B6E9-21934BD001CA}
		{A20514CC-D223-47E1-A5B4-DCD5A9D6A3A1} = {2D33B1CB-7990-4783-B6E9-21934BD001CA}
		{32B0F77F-83A8-476B-B15E-7B37F94C7118} = {2D33B1CB-7990-4783-B6E9-21934BD001CA}
		{019ABDF4-E4C6-43B6-ADE7-9C921737FDD4} = {2D33B1CB-7990-4783-B6E9-21934BD001CA}
	EndGlobalSection
	GlobalSection(ProjectConfigurationPlatforms) = postSolution
		{A262420E-6A2D-475B-B4ED-D2114E119605}.Debug|Any CPU.ActiveCfg = Debug|Any CPU
		{A262420E-6A2D-475B-B4ED-D2114E119605}.Debug|Any CPU.Build.0 = Debug|Any CPU
		{A262420E-6A2D-475B-B4ED-D2114E119605}.Release|Any CPU.ActiveCfg = Release|Any CPU
		{A262420E-6A2D-475B-B4ED-D2114E119605}.Release|Any CPU.Build.0 = Release|Any CPU
		{656E6870-D94A-4091-8BFC-C6AECFE84AFD}.Debug|Any CPU.ActiveCfg = Debug|Any CPU
		{656E6870-D94A-4091-8BFC-C6AECFE84AFD}.Debug|Any CPU.Build.0 = Debug|Any CPU
		{656E6870-D94A-4091-8BFC-C6AECFE84AFD}.Release|Any CPU.ActiveCfg = Release|Any CPU
		{656E6870-D94A-4091-8BFC-C6AECFE84AFD}.Release|Any CPU.Build.0 = Release|Any CPU
		{2EE53123-B118-46E4-A415-A88E78DE8DE1}.Debug|Any CPU.ActiveCfg = Debug|Any CPU
		{2EE53123-B118-46E4-A415-A88E78DE8DE1}.Debug|Any CPU.Build.0 = Debug|Any CPU
		{2EE53123-B118-46E4-A415-A88E78DE8DE1}.Release|Any CPU.ActiveCfg = Release|Any CPU
		{2EE53123-B118-46E4-A415-A88E78DE8DE1}.Release|Any CPU.Build.0 = Release|Any CPU
		{46A8FE7E-056F-44C0-980A-CE6F774FA283}.Debug|Any CPU.ActiveCfg = Debug|Any CPU
		{46A8FE7E-056F-44C0-980A-CE6F774FA283}.Debug|Any CPU.Build.0 = Debug|Any CPU
		{46A8FE7E-056F-44C0-980A-CE6F774FA283}.Release|Any CPU.ActiveCfg = Release|Any CPU
		{46A8FE7E-056F-44C0-980A-CE6F774FA283}.Release|Any CPU.Build.0 = Release|Any CPU
		{FD1B4533-250B-46B6-9B15-DB6D1D49A867}.Debug|Any CPU.ActiveCfg = Debug|Any CPU
		{FD1B4533-250B-46B6-9B15-DB6D1D49A867}.Debug|Any CPU.Build.0 = Debug|Any CPU
		{FD1B4533-250B-46B6-9B15-DB6D1D49A867}.Release|Any CPU.ActiveCfg = Release|Any CPU
		{FD1B4533-250B-46B6-9B15-DB6D1D49A867}.Release|Any CPU.Build.0 = Release|Any CPU
		{4D40B4A2-4596-4973-B2F5-CB73E7B9ED31}.Debug|Any CPU.ActiveCfg = Debug|Any CPU
		{4D40B4A2-4596-4973-B2F5-CB73E7B9ED31}.Debug|Any CPU.Build.0 = Debug|Any CPU
		{4D40B4A2-4596-4973-B2F5-CB73E7B9ED31}.Release|Any CPU.ActiveCfg = Release|Any CPU
		{4D40B4A2-4596-4973-B2F5-CB73E7B9ED31}.Release|Any CPU.Build.0 = Release|Any CPU
	EndGlobalSection
EndGlobal
