
Microsoft Visual Studio Solution File, Format Version 12.00
# Visual Studio Version 17
VisualStudioVersion = 17.11.35312.102
MinimumVisualStudioVersion = 10.0.40219.1
Project("{2150E333-8FDC-42A3-9474-1A3956D46DE8}") = "Services", "Services", "{B53CE331-0DA7-4CE5-B561-2376F654BB37}"
EndProject
Project("{2150E333-8FDC-42A3-9474-1A3956D46DE8}") = "Core", "Core", "{964807AD-7E57-435A-AFB7-89657B2B9F54}"
EndProject
Project("{2150E333-8FDC-42A3-9474-1A3956D46DE8}") = "Infrastructure", "Infrastructure", "{222DAE7A-DB50-4B37-8644-904ACFF6DEF9}"
EndProject
Project("{2150E333-8FDC-42A3-9474-1A3956D46DE8}") = "Presentation", "Presentation", "{269F1CC4-11A1-499B-BD53-E1017421FE39}"
EndProject
Project("{2150E333-8FDC-42A3-9474-1A3956D46DE8}") = "Tests", "Tests", "{4092A800-BA7E-4181-A2F0-9CBF0ED533E4}"
EndProject
Project("{2150E333-8FDC-42A3-9474-1A3956D46DE8}") = "ApiGateways", "ApiGateways", "{5C6D7702-C6E2-4652-90A3-A3BC914BFE0D}"
EndProject
Project("{9A19103F-16F7-4668-BE54-9A1E7A4F7556}") = "Ocelot.ApiGateway", "ApiGateways\Ocelot.ApiGateway\Ocelot.ApiGateway.csproj", "{A262420E-6A2D-475B-B4ED-D2114E119605}"
EndProject
Project("{9A19103F-16F7-4668-BE54-9A1E7A4F7556}") = "Coffee.Application", "Services\Coffees\Core\Coffee.Application\Coffee.Application.csproj", "{656E6870-D94A-4091-8BFC-C6AECFE84AFD}"
EndProject
Project("{2150E333-8FDC-42A3-9474-1A3956D46DE8}") = "Coffees", "Coffees", "{A54985FA-6656-4D87-95CA-E10F921C9F30}"
EndProject
Project("{9A19103F-16F7-4668-BE54-9A1E7A4F7556}") = "Coffee.Domain", "Services\Coffees\Core\Coffee.Domain\Coffee.Domain.csproj", "{2EE53123-B118-46E4-A415-A88E78DE8DE1}"
EndProject
Project("{9A19103F-16F7-4668-BE54-9A1E7A4F7556}") = "Coffee.Infrastructure", "Services\Coffees\Infrastructure\Coffee.Infrastructure\Coffee.Infrastructure.csproj", "{46A8FE7E-056F-44C0-980A-CE6F774FA283}"
EndProject
Project("{9A19103F-16F7-4668-BE54-9A1E7A4F7556}") = "Coffee.WebAPI", "Services\Coffees\Presentation\Coffee.WebAPI\Coffee.WebAPI.csproj", "{FD1B4533-250B-46B6-9B15-DB6D1D49A867}"
EndProject
Project("{9A19103F-16F7-4668-BE54-9A1E7A4F7556}") = "Coffee.Tests", "Services\Coffees\Tests\Coffee.Tests\Coffee.Tests.csproj", "{4D40B4A2-4596-4973-B2F5-CB73E7B9ED31}"
EndProject
Project("{2150E333-8FDC-42A3-9474-1A3956D46DE8}") = "IdentityService", "IdentityService", "{2C253421-C3C5-48EB-917B-D8A21CB7965A}"
EndProject
Project("{2150E333-8FDC-42A3-9474-1A3956D46DE8}") = "Core", "Core", "{2266D364-694D-4E61-BE73-46F21B3186BA}"
EndProject
Project("{2150E333-8FDC-42A3-9474-1A3956D46DE8}") = "Infrastructure", "Infrastructure", "{6C98A494-940A-4352-9784-0311EF079852}"
EndProject
Project("{2150E333-8FDC-42A3-9474-1A3956D46DE8}") = "Presentation", "Presentation", "{647DA1C9-5EC3-4D72-A36F-F968F4607653}"
EndProject
Project("{2150E333-8FDC-42A3-9474-1A3956D46DE8}") = "Tests", "Tests", "{AB2587AC-055E-45D7-88B2-03F2B1F51BEC}"
EndProject
Project("{9A19103F-16F7-4668-BE54-9A1E7A4F7556}") = "Identity.Application", "Services\IdentityService\Core\Identity.Application\Identity.Application.csproj", "{6FB1507F-4147-4B85-AF7F-07E9C803DAD5}"
EndProject
Project("{9A19103F-16F7-4668-BE54-9A1E7A4F7556}") = "Identity.Domain", "Services\IdentityService\Core\Identity.Domain\Identity.Domain.csproj", "{D827FDF6-73A4-4CB1-98D4-C25B7C9B02FA}"
EndProject
Project("{9A19103F-16F7-4668-BE54-9A1E7A4F7556}") = "Identity.Infrastructure", "Services\IdentityService\Infrastructure\Identity.Infrastructure\Identity.Infrastructure.csproj", "{9D309516-C686-4EF9-A41E-3800BF7D1CA5}"
EndProject
Project("{9A19103F-16F7-4668-BE54-9A1E7A4F7556}") = "Identity.WebAPI", "Services\IdentityService\Presentation\Identity.WebAPI\Identity.WebAPI.csproj", "{29B69B11-C918-4E7C-A531-A97112ECD59E}"
EndProject
Project("{9A19103F-16F7-4668-BE54-9A1E7A4F7556}") = "Identity.Tests", "Services\IdentityService\Tests\Identity.Tests\Identity.Tests.csproj", "{F36905D5-081C-4DF4-8170-95D151E16FAD}"
EndProject
Project("{E53339B2-1760-4266-BCC7-CA923CBCF16C}") = "docker-compose", "docker-compose.dcproj", "{36C6DD1D-1EDE-4905-8CBA-008DFA1F745A}"
EndProject
Global
	GlobalSection(SolutionConfigurationPlatforms) = preSolution
		Debug|Any CPU = Debug|Any CPU
		Release|Any CPU = Release|Any CPU
	EndGlobalSection
	GlobalSection(ProjectConfigurationPlatforms) = postSolution
		{A262420E-6A2D-475B-B4ED-D2114E119605}.Debug|Any CPU.ActiveCfg = Debug|Any CPU
		{A262420E-6A2D-475B-B4ED-D2114E119605}.Debug|Any CPU.Build.0 = Debug|Any CPU
		{A262420E-6A2D-475B-B4ED-D2114E119605}.Release|Any CPU.ActiveCfg = Release|Any CPU
		{A262420E-6A2D-475B-B4ED-D2114E119605}.Release|Any CPU.Build.0 = Release|Any CPU
		{656E6870-D94A-4091-8BFC-C6AECFE84AFD}.Debug|Any CPU.ActiveCfg = Debug|Any CPU
		{656E6870-D94A-4091-8BFC-C6AECFE84AFD}.Debug|Any CPU.Build.0 = Debug|Any CPU
		{656E6870-D94A-4091-8BFC-C6AECFE84AFD}.Release|Any CPU.ActiveCfg = Release|Any CPU
		{656E6870-D94A-4091-8BFC-C6AECFE84AFD}.Release|Any CPU.Build.0 = Release|Any CPU
		{2EE53123-B118-46E4-A415-A88E78DE8DE1}.Debug|Any CPU.ActiveCfg = Debug|Any CPU
		{2EE53123-B118-46E4-A415-A88E78DE8DE1}.Debug|Any CPU.Build.0 = Debug|Any CPU
		{2EE53123-B118-46E4-A415-A88E78DE8DE1}.Release|Any CPU.ActiveCfg = Release|Any CPU
		{2EE53123-B118-46E4-A415-A88E78DE8DE1}.Release|Any CPU.Build.0 = Release|Any CPU
		{46A8FE7E-056F-44C0-980A-CE6F774FA283}.Debug|Any CPU.ActiveCfg = Debug|Any CPU
		{46A8FE7E-056F-44C0-980A-CE6F774FA283}.Debug|Any CPU.Build.0 = Debug|Any CPU
		{46A8FE7E-056F-44C0-980A-CE6F774FA283}.Release|Any CPU.ActiveCfg = Release|Any CPU
		{46A8FE7E-056F-44C0-980A-CE6F774FA283}.Release|Any CPU.Build.0 = Release|Any CPU
		{FD1B4533-250B-46B6-9B15-DB6D1D49A867}.Debug|Any CPU.ActiveCfg = Debug|Any CPU
		{FD1B4533-250B-46B6-9B15-DB6D1D49A867}.Debug|Any CPU.Build.0 = Debug|Any CPU
		{FD1B4533-250B-46B6-9B15-DB6D1D49A867}.Release|Any CPU.ActiveCfg = Release|Any CPU
		{FD1B4533-250B-46B6-9B15-DB6D1D49A867}.Release|Any CPU.Build.0 = Release|Any CPU
		{4D40B4A2-4596-4973-B2F5-CB73E7B9ED31}.Debug|Any CPU.ActiveCfg = Debug|Any CPU
		{4D40B4A2-4596-4973-B2F5-CB73E7B9ED31}.Debug|Any CPU.Build.0 = Debug|Any CPU
		{4D40B4A2-4596-4973-B2F5-CB73E7B9ED31}.Release|Any CPU.ActiveCfg = Release|Any CPU
		{4D40B4A2-4596-4973-B2F5-CB73E7B9ED31}.Release|Any CPU.Build.0 = Release|Any CPU
		{6FB1507F-4147-4B85-AF7F-07E9C803DAD5}.Debug|Any CPU.ActiveCfg = Debug|Any CPU
		{6FB1507F-4147-4B85-AF7F-07E9C803DAD5}.Debug|Any CPU.Build.0 = Debug|Any CPU
		{6FB1507F-4147-4B85-AF7F-07E9C803DAD5}.Release|Any CPU.ActiveCfg = Release|Any CPU
		{6FB1507F-4147-4B85-AF7F-07E9C803DAD5}.Release|Any CPU.Build.0 = Release|Any CPU
		{D827FDF6-73A4-4CB1-98D4-C25B7C9B02FA}.Debug|Any CPU.ActiveCfg = Debug|Any CPU
		{D827FDF6-73A4-4CB1-98D4-C25B7C9B02FA}.Debug|Any CPU.Build.0 = Debug|Any CPU
		{D827FDF6-73A4-4CB1-98D4-C25B7C9B02FA}.Release|Any CPU.ActiveCfg = Release|Any CPU
		{D827FDF6-73A4-4CB1-98D4-C25B7C9B02FA}.Release|Any CPU.Build.0 = Release|Any CPU
		{9D309516-C686-4EF9-A41E-3800BF7D1CA5}.Debug|Any CPU.ActiveCfg = Debug|Any CPU
		{9D309516-C686-4EF9-A41E-3800BF7D1CA5}.Debug|Any CPU.Build.0 = Debug|Any CPU
		{9D309516-C686-4EF9-A41E-3800BF7D1CA5}.Release|Any CPU.ActiveCfg = Release|Any CPU
		{9D309516-C686-4EF9-A41E-3800BF7D1CA5}.Release|Any CPU.Build.0 = Release|Any CPU
		{29B69B11-C918-4E7C-A531-A97112ECD59E}.Debug|Any CPU.ActiveCfg = Debug|Any CPU
		{29B69B11-C918-4E7C-A531-A97112ECD59E}.Debug|Any CPU.Build.0 = Debug|Any CPU
		{29B69B11-C918-4E7C-A531-A97112ECD59E}.Release|Any CPU.ActiveCfg = Release|Any CPU
		{29B69B11-C918-4E7C-A531-A97112ECD59E}.Release|Any CPU.Build.0 = Release|Any CPU
		{F36905D5-081C-4DF4-8170-95D151E16FAD}.Debug|Any CPU.ActiveCfg = Debug|Any CPU
		{F36905D5-081C-4DF4-8170-95D151E16FAD}.Debug|Any CPU.Build.0 = Debug|Any CPU
		{F36905D5-081C-4DF4-8170-95D151E16FAD}.Release|Any CPU.ActiveCfg = Release|Any CPU
		{F36905D5-081C-4DF4-8170-95D151E16FAD}.Release|Any CPU.Build.0 = Release|Any CPU
		{36C6DD1D-1EDE-4905-8CBA-008DFA1F745A}.Debug|Any CPU.ActiveCfg = Debug|Any CPU
		{36C6DD1D-1EDE-4905-8CBA-008DFA1F745A}.Debug|Any CPU.Build.0 = Debug|Any CPU
		{36C6DD1D-1EDE-4905-8CBA-008DFA1F745A}.Release|Any CPU.ActiveCfg = Release|Any CPU
		{36C6DD1D-1EDE-4905-8CBA-008DFA1F745A}.Release|Any CPU.Build.0 = Release|Any CPU
	EndGlobalSection
	GlobalSection(SolutionProperties) = preSolution
		HideSolutionNode = FALSE
	EndGlobalSection
	GlobalSection(NestedProjects) = preSolution
		{964807AD-7E57-435A-AFB7-89657B2B9F54} = {A54985FA-6656-4D87-95CA-E10F921C9F30}
		{222DAE7A-DB50-4B37-8644-904ACFF6DEF9} = {A54985FA-6656-4D87-95CA-E10F921C9F30}
		{269F1CC4-11A1-499B-BD53-E1017421FE39} = {A54985FA-6656-4D87-95CA-E10F921C9F30}
		{4092A800-BA7E-4181-A2F0-9CBF0ED533E4} = {A54985FA-6656-4D87-95CA-E10F921C9F30}
		{A262420E-6A2D-475B-B4ED-D2114E119605} = {5C6D7702-C6E2-4652-90A3-A3BC914BFE0D}
		{656E6870-D94A-4091-8BFC-C6AECFE84AFD} = {964807AD-7E57-435A-AFB7-89657B2B9F54}
		{A54985FA-6656-4D87-95CA-E10F921C9F30} = {B53CE331-0DA7-4CE5-B561-2376F654BB37}
		{2EE53123-B118-46E4-A415-A88E78DE8DE1} = {964807AD-7E57-435A-AFB7-89657B2B9F54}
		{46A8FE7E-056F-44C0-980A-CE6F774FA283} = {222DAE7A-DB50-4B37-8644-904ACFF6DEF9}
		{FD1B4533-250B-46B6-9B15-DB6D1D49A867} = {269F1CC4-11A1-499B-BD53-E1017421FE39}
		{4D40B4A2-4596-4973-B2F5-CB73E7B9ED31} = {4092A800-BA7E-4181-A2F0-9CBF0ED533E4}
		{2C253421-C3C5-48EB-917B-D8A21CB7965A} = {B53CE331-0DA7-4CE5-B561-2376F654BB37}
		{2266D364-694D-4E61-BE73-46F21B3186BA} = {2C253421-C3C5-48EB-917B-D8A21CB7965A}
		{6C98A494-940A-4352-9784-0311EF079852} = {2C253421-C3C5-48EB-917B-D8A21CB7965A}
		{647DA1C9-5EC3-4D72-A36F-F968F4607653} = {2C253421-C3C5-48EB-917B-D8A21CB7965A}
		{AB2587AC-055E-45D7-88B2-03F2B1F51BEC} = {2C253421-C3C5-48EB-917B-D8A21CB7965A}
		{6FB1507F-4147-4B85-AF7F-07E9C803DAD5} = {2266D364-694D-4E61-BE73-46F21B3186BA}
		{D827FDF6-73A4-4CB1-98D4-C25B7C9B02FA} = {2266D364-694D-4E61-BE73-46F21B3186BA}
		{9D309516-C686-4EF9-A41E-3800BF7D1CA5} = {6C98A494-940A-4352-9784-0311EF079852}
		{29B69B11-C918-4E7C-A531-A97112ECD59E} = {647DA1C9-5EC3-4D72-A36F-F968F4607653}
		{F36905D5-081C-4DF4-8170-95D151E16FAD} = {AB2587AC-055E-45D7-88B2-03F2B1F51BEC}
	EndGlobalSection
	GlobalSection(ExtensibilityGlobals) = postSolution
		SolutionGuid = {BF83149A-DCCF-442A-A467-4ACD51C4B0E3}
	EndGlobalSection
EndGlobal
