
Microsoft Visual Studio Solution File, Format Version 12.00
Project("{2150E333-8FDC-42A3-9474-1A3956D46DE8}") = "Services", "Services", "{B53CE331-0DA7-4CE5-B561-2376F654BB37}"
EndProject
Project("{2150E333-8FDC-42A3-9474-1A3956D46DE8}") = "Core", "Core", "{964807AD-7E57-435A-AFB7-89657B2B9F54}"
EndProject
Project("{2150E333-8FDC-42A3-9474-1A3956D46DE8}") = "Infrastructure", "Infrastructure", "{222DAE7A-DB50-4B37-8644-904ACFF6DEF9}"
EndProject
Project("{2150E333-8FDC-42A3-9474-1A3956D46DE8}") = "Presentation", "Presentation", "{269F1CC4-11A1-499B-BD53-E1017421FE39}"
EndProject
Project("{2150E333-8FDC-42A3-9474-1A3956D46DE8}") = "Tests", "Tests", "{4092A800-BA7E-4181-A2F0-9CBF0ED533E4}"
EndProject
Project("{FAE04EC0-301F-11D3-BF4B-00C04F79EFBC}") = "Coffee.Domain", "Services\Core\Coffee.Domain\Coffee.Domain.csproj", "{9C3EC4D9-6F96-42C5-95BE-A09BD63B0A2C}"
EndProject
Global
	GlobalSection(SolutionConfigurationPlatforms) = preSolution
		Debug|Any CPU = Debug|Any CPU
		Release|Any CPU = Release|Any CPU
	EndGlobalSection
	GlobalSection(NestedProjects) = preSolution
		{964807AD-7E57-435A-AFB7-89657B2B9F54} = {B53CE331-0DA7-4CE5-B561-2376F654BB37}
		{222DAE7A-DB50-4B37-8644-904ACFF6DEF9} = {B53CE331-0DA7-4CE5-B561-2376F654BB37}
		{269F1CC4-11A1-499B-BD53-E1017421FE39} = {B53CE331-0DA7-4CE5-B561-2376F654BB37}
		{4092A800-BA7E-4181-A2F0-9CBF0ED533E4} = {B53CE331-0DA7-4CE5-B561-2376F654BB37}
		{9C3EC4D9-6F96-42C5-95BE-A09BD63B0A2C} = {964807AD-7E57-435A-AFB7-89657B2B9F54}
	EndGlobalSection
	GlobalSection(ProjectConfigurationPlatforms) = postSolution
		{9C3EC4D9-6F96-42C5-95BE-A09BD63B0A2C}.Debug|Any CPU.ActiveCfg = Debug|Any CPU
		{9C3EC4D9-6F96-42C5-95BE-A09BD63B0A2C}.Debug|Any CPU.Build.0 = Debug|Any CPU
		{9C3EC4D9-6F96-42C5-95BE-A09BD63B0A2C}.Release|Any CPU.ActiveCfg = Release|Any CPU
		{9C3EC4D9-6F96-42C5-95BE-A09BD63B0A2C}.Release|Any CPU.Build.0 = Release|Any CPU
	EndGlobalSection
EndGlobal
